
Microsoft Visual Studio Solution File, Format Version 12.00
# Visual Studio Express 2012 for Web
Project("{FAE04EC0-301F-11D3-BF4B-00C04F79EFBC}") = "LoginPanel_Host", "LoginPanel_Host\LoginPanel_Host.csproj", "{CE6B0DC1-CFC8-405B-8E4E-AF6B3D4F1C04}"
EndProject
Project("{FAE04EC0-301F-11D3-BF4B-00C04F79EFBC}") = "LoginPanel_Host.Operation", "LoginPanel_Host.Operation\LoginPanel_Host.Operation.csproj", "{31F85827-1047-4AD7-8CFC-C80F528C258D}"
EndProject
Global
	GlobalSection(SolutionConfigurationPlatforms) = preSolution
		Debug|Any CPU = Debug|Any CPU
		Release|Any CPU = Release|Any CPU
	EndGlobalSection
	GlobalSection(ProjectConfigurationPlatforms) = postSolution
		{CE6B0DC1-CFC8-405B-8E4E-AF6B3D4F1C04}.Debug|Any CPU.ActiveCfg = Debug|Any CPU
		{CE6B0DC1-CFC8-405B-8E4E-AF6B3D4F1C04}.Debug|Any CPU.Build.0 = Debug|Any CPU
		{CE6B0DC1-CFC8-405B-8E4E-AF6B3D4F1C04}.Release|Any CPU.ActiveCfg = Release|Any CPU
		{CE6B0DC1-CFC8-405B-8E4E-AF6B3D4F1C04}.Release|Any CPU.Build.0 = Release|Any CPU
		{31F85827-1047-4AD7-8CFC-C80F528C258D}.Debug|Any CPU.ActiveCfg = Debug|Any CPU
		{31F85827-1047-4AD7-8CFC-C80F528C258D}.Debug|Any CPU.Build.0 = Debug|Any CPU
		{31F85827-1047-4AD7-8CFC-C80F528C258D}.Release|Any CPU.ActiveCfg = Release|Any CPU
		{31F85827-1047-4AD7-8CFC-C80F528C258D}.Release|Any CPU.Build.0 = Release|Any CPU
	EndGlobalSection
	GlobalSection(SolutionProperties) = preSolution
		HideSolutionNode = FALSE
	EndGlobalSection
EndGlobal
